
Microsoft Visual Studio Solution File, Format Version 12.00
# Visual Studio Version 16
VisualStudioVersion = 16.0.31321.278
MinimumVisualStudioVersion = 10.0.40219.1
Project("{FAE04EC0-301F-11D3-BF4B-00C04F79EFBC}") = "THWEB0203", "THWEB0203\THWEB0203.csproj", "{74E121AA-1D0E-4A1D-A409-6CBB944FCAD3}"
EndProject
Global
	GlobalSection(SolutionConfigurationPlatforms) = preSolution
		Debug|Any CPU = Debug|Any CPU
		Release|Any CPU = Release|Any CPU
	EndGlobalSection
	GlobalSection(ProjectConfigurationPlatforms) = postSolution
		{74E121AA-1D0E-4A1D-A409-6CBB944FCAD3}.Debug|Any CPU.ActiveCfg = Debug|Any CPU
		{74E121AA-1D0E-4A1D-A409-6CBB944FCAD3}.Debug|Any CPU.Build.0 = Debug|Any CPU
		{74E121AA-1D0E-4A1D-A409-6CBB944FCAD3}.Release|Any CPU.ActiveCfg = Release|Any CPU
		{74E121AA-1D0E-4A1D-A409-6CBB944FCAD3}.Release|Any CPU.Build.0 = Release|Any CPU
	EndGlobalSection
	GlobalSection(SolutionProperties) = preSolution
		HideSolutionNode = FALSE
	EndGlobalSection
	GlobalSection(ExtensibilityGlobals) = postSolution
		SolutionGuid = {A1106369-2C72-48D5-A63A-6D7CC38CEE58}
	EndGlobalSection
EndGlobal
